
Microsoft Visual Studio Solution File, Format Version 12.00
# Visual Studio Version 17
VisualStudioVersion = 17.0.31903.59
MinimumVisualStudioVersion = 10.0.40219.1
Project("{2150E333-8FDC-42A3-9474-1A3956D46DE8}") = "src", "src", "{35D1B692-7756-4EF7-860D-6530B2D5916D}"
EndProject
Project("{FAE04EC0-301F-11D3-BF4B-00C04F79EFBC}") = "Setember", "src\Setember\Setember.csproj", "{DA772601-35F1-42B7-A160-44F04D92A941}"
EndProject
Project("{FAE04EC0-301F-11D3-BF4B-00C04F79EFBC}") = "Setember.Decrypter", "src\Setember.Decrypter\Setember.Decrypter.csproj", "{551A14B2-68E2-4C9B-BC96-B9490F45AF54}"
EndProject
Global
	GlobalSection(SolutionConfigurationPlatforms) = preSolution
		Debug|Any CPU = Debug|Any CPU
		Release|Any CPU = Release|Any CPU
	EndGlobalSection
	GlobalSection(SolutionProperties) = preSolution
		HideSolutionNode = FALSE
	EndGlobalSection
	GlobalSection(ProjectConfigurationPlatforms) = postSolution
		{DA772601-35F1-42B7-A160-44F04D92A941}.Debug|Any CPU.ActiveCfg = Debug|Any CPU
		{DA772601-35F1-42B7-A160-44F04D92A941}.Debug|Any CPU.Build.0 = Debug|Any CPU
		{DA772601-35F1-42B7-A160-44F04D92A941}.Release|Any CPU.ActiveCfg = Release|Any CPU
		{DA772601-35F1-42B7-A160-44F04D92A941}.Release|Any CPU.Build.0 = Release|Any CPU
		{551A14B2-68E2-4C9B-BC96-B9490F45AF54}.Debug|Any CPU.ActiveCfg = Debug|Any CPU
		{551A14B2-68E2-4C9B-BC96-B9490F45AF54}.Debug|Any CPU.Build.0 = Debug|Any CPU
		{551A14B2-68E2-4C9B-BC96-B9490F45AF54}.Release|Any CPU.ActiveCfg = Release|Any CPU
		{551A14B2-68E2-4C9B-BC96-B9490F45AF54}.Release|Any CPU.Build.0 = Release|Any CPU
	EndGlobalSection
	GlobalSection(NestedProjects) = preSolution
		{DA772601-35F1-42B7-A160-44F04D92A941} = {35D1B692-7756-4EF7-860D-6530B2D5916D}
		{551A14B2-68E2-4C9B-BC96-B9490F45AF54} = {35D1B692-7756-4EF7-860D-6530B2D5916D}
	EndGlobalSection
EndGlobal
